
Microsoft Visual Studio Solution File, Format Version 12.00
# Visual Studio Version 17
VisualStudioVersion = 17.1.32328.378
MinimumVisualStudioVersion = 10.0.40219.1
Project("{9A19103F-16F7-4668-BE54-9A1E7A4F7556}") = "MultiTarget", "MultiTarget.csproj", "{726B28DD-DCFC-41AA-9F7D-E09C5BF6671E}"
EndProject
Project("{9A19103F-16F7-4668-BE54-9A1E7A4F7556}") = "CoreFunc", "..\CoreFunc\CoreFunc.csproj", "{705CAA53-4190-44D9-8284-A756D047CD54}"
EndProject
Global
	GlobalSection(SolutionConfigurationPlatforms) = preSolution
		Debug|Any CPU = Debug|Any CPU
		Release|Any CPU = Release|Any CPU
	EndGlobalSection
	GlobalSection(ProjectConfigurationPlatforms) = postSolution
		{726B28DD-DCFC-41AA-9F7D-E09C5BF6671E}.Debug|Any CPU.ActiveCfg = Debug|Any CPU
		{726B28DD-DCFC-41AA-9F7D-E09C5BF6671E}.Debug|Any CPU.Build.0 = Debug|Any CPU
		{726B28DD-DCFC-41AA-9F7D-E09C5BF6671E}.Release|Any CPU.ActiveCfg = Release|Any CPU
		{726B28DD-DCFC-41AA-9F7D-E09C5BF6671E}.Release|Any CPU.Build.0 = Release|Any CPU
		{705CAA53-4190-44D9-8284-A756D047CD54}.Debug|Any CPU.ActiveCfg = Debug|Any CPU
		{705CAA53-4190-44D9-8284-A756D047CD54}.Release|Any CPU.ActiveCfg = Release|Any CPU
		{705CAA53-4190-44D9-8284-A756D047CD54}.Release|Any CPU.Build.0 = Release|Any CPU
	EndGlobalSection
	GlobalSection(SolutionProperties) = preSolution
		HideSolutionNode = FALSE
	EndGlobalSection
	GlobalSection(ExtensibilityGlobals) = postSolution
		SolutionGuid = {C2C3E885-40FD-488E-A7D8-8A17B19982C8}
	EndGlobalSection
EndGlobal
